
Microsoft Visual Studio Solution File, Format Version 12.00
# Visual Studio 2012
Project("{FAE04EC0-301F-11D3-BF4B-00C04F79EFBC}") = "RestaurantPicker", "RestaurantPicker\RestaurantPicker.csproj", "{6D8A3CDC-C46E-490F-8F3D-A9788ABC95C2}"
EndProject
Project("{FAE04EC0-301F-11D3-BF4B-00C04F79EFBC}") = "RestaurantPicker.iOS", "iOS\RestaurantPicker.iOS.csproj", "{30C0FF65-753F-4027-B8F6-45272A550DA9}"
EndProject
Global
	GlobalSection(SolutionConfigurationPlatforms) = preSolution
		Debug|Any CPU = Debug|Any CPU
		Release|Any CPU = Release|Any CPU
		Debug|iPhoneSimulator = Debug|iPhoneSimulator
		Release|iPhoneSimulator = Release|iPhoneSimulator
		Debug|iPhone = Debug|iPhone
		Release|iPhone = Release|iPhone
		Ad-Hoc|iPhone = Ad-Hoc|iPhone
		AppStore|iPhone = AppStore|iPhone
	EndGlobalSection
	GlobalSection(ProjectConfigurationPlatforms) = postSolution
		{30C0FF65-753F-4027-B8F6-45272A550DA9}.Ad-Hoc|iPhone.ActiveCfg = Ad-Hoc|iPhone
		{30C0FF65-753F-4027-B8F6-45272A550DA9}.Ad-Hoc|iPhone.Build.0 = Ad-Hoc|iPhone
		{30C0FF65-753F-4027-B8F6-45272A550DA9}.AppStore|iPhone.ActiveCfg = AppStore|iPhone
		{30C0FF65-753F-4027-B8F6-45272A550DA9}.AppStore|iPhone.Build.0 = AppStore|iPhone
		{30C0FF65-753F-4027-B8F6-45272A550DA9}.Debug|Any CPU.ActiveCfg = Debug|iPhoneSimulator
		{30C0FF65-753F-4027-B8F6-45272A550DA9}.Debug|Any CPU.Build.0 = Debug|iPhoneSimulator
		{30C0FF65-753F-4027-B8F6-45272A550DA9}.Debug|iPhone.ActiveCfg = Debug|iPhone
		{30C0FF65-753F-4027-B8F6-45272A550DA9}.Debug|iPhone.Build.0 = Debug|iPhone
		{30C0FF65-753F-4027-B8F6-45272A550DA9}.Debug|iPhoneSimulator.ActiveCfg = Debug|iPhoneSimulator
		{30C0FF65-753F-4027-B8F6-45272A550DA9}.Debug|iPhoneSimulator.Build.0 = Debug|iPhoneSimulator
		{30C0FF65-753F-4027-B8F6-45272A550DA9}.Release|Any CPU.ActiveCfg = Release|iPhoneSimulator
		{30C0FF65-753F-4027-B8F6-45272A550DA9}.Release|Any CPU.Build.0 = Release|iPhoneSimulator
		{30C0FF65-753F-4027-B8F6-45272A550DA9}.Release|iPhone.ActiveCfg = Release|iPhone
		{30C0FF65-753F-4027-B8F6-45272A550DA9}.Release|iPhone.Build.0 = Release|iPhone
		{30C0FF65-753F-4027-B8F6-45272A550DA9}.Release|iPhoneSimulator.ActiveCfg = Release|iPhoneSimulator
		{30C0FF65-753F-4027-B8F6-45272A550DA9}.Release|iPhoneSimulator.Build.0 = Release|iPhoneSimulator
		{6D8A3CDC-C46E-490F-8F3D-A9788ABC95C2}.Ad-Hoc|iPhone.ActiveCfg = Debug|Any CPU
		{6D8A3CDC-C46E-490F-8F3D-A9788ABC95C2}.Ad-Hoc|iPhone.Build.0 = Debug|Any CPU
		{6D8A3CDC-C46E-490F-8F3D-A9788ABC95C2}.AppStore|iPhone.ActiveCfg = Debug|Any CPU
		{6D8A3CDC-C46E-490F-8F3D-A9788ABC95C2}.AppStore|iPhone.Build.0 = Debug|Any CPU
		{6D8A3CDC-C46E-490F-8F3D-A9788ABC95C2}.Debug|Any CPU.ActiveCfg = Debug|Any CPU
		{6D8A3CDC-C46E-490F-8F3D-A9788ABC95C2}.Debug|Any CPU.Build.0 = Debug|Any CPU
		{6D8A3CDC-C46E-490F-8F3D-A9788ABC95C2}.Debug|iPhone.ActiveCfg = Debug|Any CPU
		{6D8A3CDC-C46E-490F-8F3D-A9788ABC95C2}.Debug|iPhone.Build.0 = Debug|Any CPU
		{6D8A3CDC-C46E-490F-8F3D-A9788ABC95C2}.Debug|iPhoneSimulator.ActiveCfg = Debug|Any CPU
		{6D8A3CDC-C46E-490F-8F3D-A9788ABC95C2}.Debug|iPhoneSimulator.Build.0 = Debug|Any CPU
		{6D8A3CDC-C46E-490F-8F3D-A9788ABC95C2}.Release|Any CPU.ActiveCfg = Release|Any CPU
		{6D8A3CDC-C46E-490F-8F3D-A9788ABC95C2}.Release|Any CPU.Build.0 = Release|Any CPU
		{6D8A3CDC-C46E-490F-8F3D-A9788ABC95C2}.Release|iPhone.ActiveCfg = Release|Any CPU
		{6D8A3CDC-C46E-490F-8F3D-A9788ABC95C2}.Release|iPhone.Build.0 = Release|Any CPU
		{6D8A3CDC-C46E-490F-8F3D-A9788ABC95C2}.Release|iPhoneSimulator.ActiveCfg = Release|Any CPU
		{6D8A3CDC-C46E-490F-8F3D-A9788ABC95C2}.Release|iPhoneSimulator.Build.0 = Release|Any CPU
	EndGlobalSection
	GlobalSection(MonoDevelopProperties) = preSolution
		StartupItem = iOS\RestaurantPicker.iOS.csproj
	EndGlobalSection
EndGlobal
